
Microsoft Visual Studio Solution File, Format Version 12.00
# Visual Studio Version 17
VisualStudioVersion = 17.11.35312.102
MinimumVisualStudioVersion = 10.0.40219.1
Project("{FAE04EC0-301F-11D3-BF4B-00C04F79EFBC}") = "E-Commerce-Project", "E-Commerce-Project\E-Commerce-Project.csproj", "{625F1D11-B49A-4CA3-AF51-02CCF76436D9}"
EndProject
Global
	GlobalSection(SolutionConfigurationPlatforms) = preSolution
		Debug|Any CPU = Debug|Any CPU
		Release|Any CPU = Release|Any CPU
	EndGlobalSection
	GlobalSection(ProjectConfigurationPlatforms) = postSolution
		{625F1D11-B49A-4CA3-AF51-02CCF76436D9}.Debug|Any CPU.ActiveCfg = Debug|Any CPU
		{625F1D11-B49A-4CA3-AF51-02CCF76436D9}.Debug|Any CPU.Build.0 = Debug|Any CPU
		{625F1D11-B49A-4CA3-AF51-02CCF76436D9}.Release|Any CPU.ActiveCfg = Release|Any CPU
		{625F1D11-B49A-4CA3-AF51-02CCF76436D9}.Release|Any CPU.Build.0 = Release|Any CPU
	EndGlobalSection
	GlobalSection(SolutionProperties) = preSolution
		HideSolutionNode = FALSE
	EndGlobalSection
	GlobalSection(ExtensibilityGlobals) = postSolution
		SolutionGuid = {37B29D82-2D41-477C-98CA-799F2D45FD1B}
	EndGlobalSection
EndGlobal
